
Microsoft Visual Studio Solution File, Format Version 12.00
# Visual Studio Version 17
VisualStudioVersion = 17.8.34408.163
MinimumVisualStudioVersion = 10.0.40219.1
Project("{2150E333-8FDC-42A3-9474-1A3956D46DE8}") = "AppA", "AppA", "{8D9463E4-5941-482D-BCF1-EB513A2C2869}"
EndProject
Project("{9A19103F-16F7-4668-BE54-9A1E7A4F7556}") = "Test.Api.App.A", "AppA\Test.Api.App.A\Test.Api.App.A.csproj", "{90E582EC-B745-44E4-B1FD-2CD222BC1E3B}"
EndProject
Project("{2150E333-8FDC-42A3-9474-1A3956D46DE8}") = "tests", "tests", "{A05AB102-BC7C-4B41-9884-DFEE093500C7}"
EndProject
Project("{9A19103F-16F7-4668-BE54-9A1E7A4F7556}") = "Test.Api.App.A.Tests", "AppA\tests\Test.Api.App.A.Tests\Test.Api.App.A.Tests.csproj", "{DD28777D-BC48-4177-B9BD-90F782743221}"
EndProject
Project("{2150E333-8FDC-42A3-9474-1A3956D46DE8}") = "AppB", "AppB", "{33E26B78-717E-466C-97F2-F505B2891501}"
EndProject
Project("{9A19103F-16F7-4668-BE54-9A1E7A4F7556}") = "Test.Api.App.B", "AppB\Test.Api.App.B\Test.Api.App.B.csproj", "{C6380DB6-6F0E-4942-9774-63D51BCC146C}"
EndProject
Project("{2150E333-8FDC-42A3-9474-1A3956D46DE8}") = "tests", "tests", "{0D7632FF-2881-48E3-AEB5-FA9AB419F492}"
EndProject
Project("{9A19103F-16F7-4668-BE54-9A1E7A4F7556}") = "Test.Api.App.B.Tests", "AppB\tests\Test.Api.App.B.Tests\Test.Api.App.B.Tests.csproj", "{6AB06571-5390-4339-AA14-020C473E2F21}"
EndProject
Project("{2150E333-8FDC-42A3-9474-1A3956D46DE8}") = "Core", "Core", "{F756D2EE-3341-4FFA-B75A-462416BB9486}"
EndProject
Project("{9A19103F-16F7-4668-BE54-9A1E7A4F7556}") = "Test.Core", "Core\Test.Core\Test.Core.csproj", "{AF218FE2-DE82-4F82-B7F8-E8F328950045}"
EndProject
Project("{2150E333-8FDC-42A3-9474-1A3956D46DE8}") = "tests", "tests", "{9DD26E1E-43B8-4052-9C87-EF9274BBCAFA}"
EndProject
Project("{9A19103F-16F7-4668-BE54-9A1E7A4F7556}") = "Test.Core.Tests", "Core\tests\Test.Core.Tests\Test.Core.Tests.csproj", "{2AF535F2-C5C8-4AFC-83B4-D55C8ABB4FBB}"
EndProject
Global
	GlobalSection(SolutionConfigurationPlatforms) = preSolution
		Debug|Any CPU = Debug|Any CPU
		Release|Any CPU = Release|Any CPU
	EndGlobalSection
	GlobalSection(ProjectConfigurationPlatforms) = postSolution
		{90E582EC-B745-44E4-B1FD-2CD222BC1E3B}.Debug|Any CPU.ActiveCfg = Debug|Any CPU
		{90E582EC-B745-44E4-B1FD-2CD222BC1E3B}.Debug|Any CPU.Build.0 = Debug|Any CPU
		{90E582EC-B745-44E4-B1FD-2CD222BC1E3B}.Release|Any CPU.ActiveCfg = Release|Any CPU
		{90E582EC-B745-44E4-B1FD-2CD222BC1E3B}.Release|Any CPU.Build.0 = Release|Any CPU
		{DD28777D-BC48-4177-B9BD-90F782743221}.Debug|Any CPU.ActiveCfg = Debug|Any CPU
		{DD28777D-BC48-4177-B9BD-90F782743221}.Debug|Any CPU.Build.0 = Debug|Any CPU
		{DD28777D-BC48-4177-B9BD-90F782743221}.Release|Any CPU.ActiveCfg = Release|Any CPU
		{DD28777D-BC48-4177-B9BD-90F782743221}.Release|Any CPU.Build.0 = Release|Any CPU
		{C6380DB6-6F0E-4942-9774-63D51BCC146C}.Debug|Any CPU.ActiveCfg = Debug|Any CPU
		{C6380DB6-6F0E-4942-9774-63D51BCC146C}.Debug|Any CPU.Build.0 = Debug|Any CPU
		{C6380DB6-6F0E-4942-9774-63D51BCC146C}.Release|Any CPU.ActiveCfg = Release|Any CPU
		{C6380DB6-6F0E-4942-9774-63D51BCC146C}.Release|Any CPU.Build.0 = Release|Any CPU
		{6AB06571-5390-4339-AA14-020C473E2F21}.Debug|Any CPU.ActiveCfg = Debug|Any CPU
		{6AB06571-5390-4339-AA14-020C473E2F21}.Debug|Any CPU.Build.0 = Debug|Any CPU
		{6AB06571-5390-4339-AA14-020C473E2F21}.Release|Any CPU.ActiveCfg = Release|Any CPU
		{6AB06571-5390-4339-AA14-020C473E2F21}.Release|Any CPU.Build.0 = Release|Any CPU
		{AF218FE2-DE82-4F82-B7F8-E8F328950045}.Debug|Any CPU.ActiveCfg = Debug|Any CPU
		{AF218FE2-DE82-4F82-B7F8-E8F328950045}.Debug|Any CPU.Build.0 = Debug|Any CPU
		{AF218FE2-DE82-4F82-B7F8-E8F328950045}.Release|Any CPU.ActiveCfg = Release|Any CPU
		{AF218FE2-DE82-4F82-B7F8-E8F328950045}.Release|Any CPU.Build.0 = Release|Any CPU
		{2AF535F2-C5C8-4AFC-83B4-D55C8ABB4FBB}.Debug|Any CPU.ActiveCfg = Debug|Any CPU
		{2AF535F2-C5C8-4AFC-83B4-D55C8ABB4FBB}.Debug|Any CPU.Build.0 = Debug|Any CPU
		{2AF535F2-C5C8-4AFC-83B4-D55C8ABB4FBB}.Release|Any CPU.ActiveCfg = Release|Any CPU
		{2AF535F2-C5C8-4AFC-83B4-D55C8ABB4FBB}.Release|Any CPU.Build.0 = Release|Any CPU
	EndGlobalSection
	GlobalSection(SolutionProperties) = preSolution
		HideSolutionNode = FALSE
	EndGlobalSection
	GlobalSection(NestedProjects) = preSolution
		{90E582EC-B745-44E4-B1FD-2CD222BC1E3B} = {8D9463E4-5941-482D-BCF1-EB513A2C2869}
		{A05AB102-BC7C-4B41-9884-DFEE093500C7} = {8D9463E4-5941-482D-BCF1-EB513A2C2869}
		{DD28777D-BC48-4177-B9BD-90F782743221} = {A05AB102-BC7C-4B41-9884-DFEE093500C7}
		{C6380DB6-6F0E-4942-9774-63D51BCC146C} = {33E26B78-717E-466C-97F2-F505B2891501}
		{0D7632FF-2881-48E3-AEB5-FA9AB419F492} = {33E26B78-717E-466C-97F2-F505B2891501}
		{6AB06571-5390-4339-AA14-020C473E2F21} = {0D7632FF-2881-48E3-AEB5-FA9AB419F492}
		{AF218FE2-DE82-4F82-B7F8-E8F328950045} = {F756D2EE-3341-4FFA-B75A-462416BB9486}
		{9DD26E1E-43B8-4052-9C87-EF9274BBCAFA} = {F756D2EE-3341-4FFA-B75A-462416BB9486}
		{2AF535F2-C5C8-4AFC-83B4-D55C8ABB4FBB} = {9DD26E1E-43B8-4052-9C87-EF9274BBCAFA}
	EndGlobalSection
	GlobalSection(ExtensibilityGlobals) = postSolution
		SolutionGuid = {9000CCEA-9BAD-41E0-8217-CB090EFAE4AF}
	EndGlobalSection
EndGlobal
